
Microsoft Visual Studio Solution File, Format Version 12.00
# Visual Studio Version 16
VisualStudioVersion = 16.0.29418.71
MinimumVisualStudioVersion = 10.0.40219.1
Project("{FAE04EC0-301F-11D3-BF4B-00C04F79EFBC}") = "CanBePalindrome", "CanBePalindrome.csproj", "{1E61173B-6549-479C-955E-3E6DDBF74603}"
EndProject
Global
	GlobalSection(SolutionConfigurationPlatforms) = preSolution
		Debug|Any CPU = Debug|Any CPU
		Release|Any CPU = Release|Any CPU
	EndGlobalSection
	GlobalSection(ProjectConfigurationPlatforms) = postSolution
		{1E61173B-6549-479C-955E-3E6DDBF74603}.Debug|Any CPU.ActiveCfg = Debug|Any CPU
		{1E61173B-6549-479C-955E-3E6DDBF74603}.Debug|Any CPU.Build.0 = Debug|Any CPU
		{1E61173B-6549-479C-955E-3E6DDBF74603}.Release|Any CPU.ActiveCfg = Release|Any CPU
		{1E61173B-6549-479C-955E-3E6DDBF74603}.Release|Any CPU.Build.0 = Release|Any CPU
	EndGlobalSection
	GlobalSection(SolutionProperties) = preSolution
		HideSolutionNode = FALSE
	EndGlobalSection
	GlobalSection(ExtensibilityGlobals) = postSolution
		SolutionGuid = {4F9C9239-C858-4C73-9AED-C4B5A8A1D7D2}
	EndGlobalSection
EndGlobal
